
Microsoft Visual Studio Solution File, Format Version 12.00
# Visual Studio Version 17
VisualStudioVersion = 17.4.33213.308
MinimumVisualStudioVersion = 10.0.40219.1
Project("{9A19103F-16F7-4668-BE54-9A1E7A4F7556}") = "CSharpTag1Und2", "CSharpTag1Und2\CSharpTag1Und2.csproj", "{3FE95D5E-236A-425C-8BC9-9698C0A4FA6D}"
EndProject
Project("{2150E333-8FDC-42A3-9474-1A3956D46DE8}") = "Übungen", "Übungen", "{A719CC1A-9609-47F3-89F6-06F97EFF46D5}"
EndProject
Project("{9A19103F-16F7-4668-BE54-9A1E7A4F7556}") = "Übung1", "Übung1\Übung1.csproj", "{25E55C8E-3B56-4FB6-8E6F-A25C45DC73D0}"
EndProject
Project("{2150E333-8FDC-42A3-9474-1A3956D46DE8}") = "Übung2", "Übung2", "{E8349793-4E01-4F2D-958D-9378420F43CE}"
EndProject
Project("{2150E333-8FDC-42A3-9474-1A3956D46DE8}") = "Logic", "Logic", "{9696D56F-C888-4302-B824-E6AC6DA9B07C}"
EndProject
Project("{2150E333-8FDC-42A3-9474-1A3956D46DE8}") = "UI", "UI", "{747C361D-62BA-4828-B815-87EB785575D3}"
EndProject
Project("{2150E333-8FDC-42A3-9474-1A3956D46DE8}") = "Data", "Data", "{88D86D38-2037-4866-BB27-322A03280AB9}"
EndProject
Project("{9A19103F-16F7-4668-BE54-9A1E7A4F7556}") = "ConsoleClient", "ConsoleClient\ConsoleClient.csproj", "{08C7B7B4-542B-419C-8A14-78C6B2ACDEFF}"
EndProject
Project("{9A19103F-16F7-4668-BE54-9A1E7A4F7556}") = "MailDistribution", "MailDistribution\MailDistribution.csproj", "{98D16C6B-607A-457D-9555-496776C905A8}"
EndProject
Project("{9A19103F-16F7-4668-BE54-9A1E7A4F7556}") = "Mailing", "Mailing\Mailing.csproj", "{156E2AFE-78C0-4BFE-99AC-88BB4525D284}"
EndProject
Project("{9A19103F-16F7-4668-BE54-9A1E7A4F7556}") = "DataStoring", "DataStoring\DataStoring.csproj", "{4F496891-935F-4D28-A73E-CEB260ABA371}"
EndProject
Project("{FAE04EC0-301F-11D3-BF4B-00C04F79EFBC}") = "Übung3", "Übung3\Übung3.csproj", "{E314C64D-0631-4EA0-939E-F78F7CD5A98C}"
EndProject
Project("{FAE04EC0-301F-11D3-BF4B-00C04F79EFBC}") = "Tag2Generics", "Tag2Generics\Tag2Generics.csproj", "{48AD61FC-78F8-4FBE-9813-5DF99CE3FD45}"
EndProject
Project("{FAE04EC0-301F-11D3-BF4B-00C04F79EFBC}") = "Tag2Diverses", "Tag2Diverses\Tag2Diverses.csproj", "{419466AF-4B40-42C3-A624-4F4F1DF3DFFF}"
EndProject
Project("{FAE04EC0-301F-11D3-BF4B-00C04F79EFBC}") = "Tag2Spracherweiterungen", "Tag2Spracherweiterungen\Tag2Spracherweiterungen.csproj", "{E44F4E72-BA2C-49A6-9C0E-25576BADC989}"
EndProject
Project("{FAE04EC0-301F-11D3-BF4B-00C04F79EFBC}") = "WinFormsApp1", "WinFormsApp1\WinFormsApp1.csproj", "{DF14AFD7-FE2F-401E-A75A-FEFC25B18EF1}"
EndProject
Project("{FAE04EC0-301F-11D3-BF4B-00C04F79EFBC}") = "Tag2LINQ", "Tag2LINQ\Tag2LINQ.csproj", "{1C493F39-0C9F-4EA7-B0C9-2CB25F46D9D2}"
EndProject
Global
	GlobalSection(SolutionConfigurationPlatforms) = preSolution
		Debug|Any CPU = Debug|Any CPU
		Release|Any CPU = Release|Any CPU
	EndGlobalSection
	GlobalSection(ProjectConfigurationPlatforms) = postSolution
		{3FE95D5E-236A-425C-8BC9-9698C0A4FA6D}.Debug|Any CPU.ActiveCfg = Debug|Any CPU
		{3FE95D5E-236A-425C-8BC9-9698C0A4FA6D}.Debug|Any CPU.Build.0 = Debug|Any CPU
		{3FE95D5E-236A-425C-8BC9-9698C0A4FA6D}.Release|Any CPU.ActiveCfg = Release|Any CPU
		{3FE95D5E-236A-425C-8BC9-9698C0A4FA6D}.Release|Any CPU.Build.0 = Release|Any CPU
		{25E55C8E-3B56-4FB6-8E6F-A25C45DC73D0}.Debug|Any CPU.ActiveCfg = Debug|Any CPU
		{25E55C8E-3B56-4FB6-8E6F-A25C45DC73D0}.Debug|Any CPU.Build.0 = Debug|Any CPU
		{25E55C8E-3B56-4FB6-8E6F-A25C45DC73D0}.Release|Any CPU.ActiveCfg = Release|Any CPU
		{25E55C8E-3B56-4FB6-8E6F-A25C45DC73D0}.Release|Any CPU.Build.0 = Release|Any CPU
		{08C7B7B4-542B-419C-8A14-78C6B2ACDEFF}.Debug|Any CPU.ActiveCfg = Debug|Any CPU
		{08C7B7B4-542B-419C-8A14-78C6B2ACDEFF}.Debug|Any CPU.Build.0 = Debug|Any CPU
		{08C7B7B4-542B-419C-8A14-78C6B2ACDEFF}.Release|Any CPU.ActiveCfg = Release|Any CPU
		{08C7B7B4-542B-419C-8A14-78C6B2ACDEFF}.Release|Any CPU.Build.0 = Release|Any CPU
		{98D16C6B-607A-457D-9555-496776C905A8}.Debug|Any CPU.ActiveCfg = Debug|Any CPU
		{98D16C6B-607A-457D-9555-496776C905A8}.Debug|Any CPU.Build.0 = Debug|Any CPU
		{98D16C6B-607A-457D-9555-496776C905A8}.Release|Any CPU.ActiveCfg = Release|Any CPU
		{98D16C6B-607A-457D-9555-496776C905A8}.Release|Any CPU.Build.0 = Release|Any CPU
		{156E2AFE-78C0-4BFE-99AC-88BB4525D284}.Debug|Any CPU.ActiveCfg = Debug|Any CPU
		{156E2AFE-78C0-4BFE-99AC-88BB4525D284}.Debug|Any CPU.Build.0 = Debug|Any CPU
		{156E2AFE-78C0-4BFE-99AC-88BB4525D284}.Release|Any CPU.ActiveCfg = Release|Any CPU
		{156E2AFE-78C0-4BFE-99AC-88BB4525D284}.Release|Any CPU.Build.0 = Release|Any CPU
		{4F496891-935F-4D28-A73E-CEB260ABA371}.Debug|Any CPU.ActiveCfg = Debug|Any CPU
		{4F496891-935F-4D28-A73E-CEB260ABA371}.Debug|Any CPU.Build.0 = Debug|Any CPU
		{4F496891-935F-4D28-A73E-CEB260ABA371}.Release|Any CPU.ActiveCfg = Release|Any CPU
		{4F496891-935F-4D28-A73E-CEB260ABA371}.Release|Any CPU.Build.0 = Release|Any CPU
		{E314C64D-0631-4EA0-939E-F78F7CD5A98C}.Debug|Any CPU.ActiveCfg = Debug|Any CPU
		{E314C64D-0631-4EA0-939E-F78F7CD5A98C}.Debug|Any CPU.Build.0 = Debug|Any CPU
		{E314C64D-0631-4EA0-939E-F78F7CD5A98C}.Release|Any CPU.ActiveCfg = Release|Any CPU
		{E314C64D-0631-4EA0-939E-F78F7CD5A98C}.Release|Any CPU.Build.0 = Release|Any CPU
		{48AD61FC-78F8-4FBE-9813-5DF99CE3FD45}.Debug|Any CPU.ActiveCfg = Debug|Any CPU
		{48AD61FC-78F8-4FBE-9813-5DF99CE3FD45}.Debug|Any CPU.Build.0 = Debug|Any CPU
		{48AD61FC-78F8-4FBE-9813-5DF99CE3FD45}.Release|Any CPU.ActiveCfg = Release|Any CPU
		{48AD61FC-78F8-4FBE-9813-5DF99CE3FD45}.Release|Any CPU.Build.0 = Release|Any CPU
		{419466AF-4B40-42C3-A624-4F4F1DF3DFFF}.Debug|Any CPU.ActiveCfg = Debug|Any CPU
		{419466AF-4B40-42C3-A624-4F4F1DF3DFFF}.Debug|Any CPU.Build.0 = Debug|Any CPU
		{419466AF-4B40-42C3-A624-4F4F1DF3DFFF}.Release|Any CPU.ActiveCfg = Release|Any CPU
		{419466AF-4B40-42C3-A624-4F4F1DF3DFFF}.Release|Any CPU.Build.0 = Release|Any CPU
		{E44F4E72-BA2C-49A6-9C0E-25576BADC989}.Debug|Any CPU.ActiveCfg = Debug|Any CPU
		{E44F4E72-BA2C-49A6-9C0E-25576BADC989}.Debug|Any CPU.Build.0 = Debug|Any CPU
		{E44F4E72-BA2C-49A6-9C0E-25576BADC989}.Release|Any CPU.ActiveCfg = Release|Any CPU
		{E44F4E72-BA2C-49A6-9C0E-25576BADC989}.Release|Any CPU.Build.0 = Release|Any CPU
		{DF14AFD7-FE2F-401E-A75A-FEFC25B18EF1}.Debug|Any CPU.ActiveCfg = Debug|Any CPU
		{DF14AFD7-FE2F-401E-A75A-FEFC25B18EF1}.Debug|Any CPU.Build.0 = Debug|Any CPU
		{DF14AFD7-FE2F-401E-A75A-FEFC25B18EF1}.Release|Any CPU.ActiveCfg = Release|Any CPU
		{DF14AFD7-FE2F-401E-A75A-FEFC25B18EF1}.Release|Any CPU.Build.0 = Release|Any CPU
		{1C493F39-0C9F-4EA7-B0C9-2CB25F46D9D2}.Debug|Any CPU.ActiveCfg = Debug|Any CPU
		{1C493F39-0C9F-4EA7-B0C9-2CB25F46D9D2}.Debug|Any CPU.Build.0 = Debug|Any CPU
		{1C493F39-0C9F-4EA7-B0C9-2CB25F46D9D2}.Release|Any CPU.ActiveCfg = Release|Any CPU
		{1C493F39-0C9F-4EA7-B0C9-2CB25F46D9D2}.Release|Any CPU.Build.0 = Release|Any CPU
	EndGlobalSection
	GlobalSection(SolutionProperties) = preSolution
		HideSolutionNode = FALSE
	EndGlobalSection
	GlobalSection(NestedProjects) = preSolution
		{25E55C8E-3B56-4FB6-8E6F-A25C45DC73D0} = {A719CC1A-9609-47F3-89F6-06F97EFF46D5}
		{E8349793-4E01-4F2D-958D-9378420F43CE} = {A719CC1A-9609-47F3-89F6-06F97EFF46D5}
		{9696D56F-C888-4302-B824-E6AC6DA9B07C} = {E8349793-4E01-4F2D-958D-9378420F43CE}
		{747C361D-62BA-4828-B815-87EB785575D3} = {E8349793-4E01-4F2D-958D-9378420F43CE}
		{88D86D38-2037-4866-BB27-322A03280AB9} = {E8349793-4E01-4F2D-958D-9378420F43CE}
		{08C7B7B4-542B-419C-8A14-78C6B2ACDEFF} = {747C361D-62BA-4828-B815-87EB785575D3}
		{98D16C6B-607A-457D-9555-496776C905A8} = {9696D56F-C888-4302-B824-E6AC6DA9B07C}
		{156E2AFE-78C0-4BFE-99AC-88BB4525D284} = {9696D56F-C888-4302-B824-E6AC6DA9B07C}
		{4F496891-935F-4D28-A73E-CEB260ABA371} = {88D86D38-2037-4866-BB27-322A03280AB9}
		{E314C64D-0631-4EA0-939E-F78F7CD5A98C} = {A719CC1A-9609-47F3-89F6-06F97EFF46D5}
	EndGlobalSection
	GlobalSection(ExtensibilityGlobals) = postSolution
		SolutionGuid = {23F4135F-028C-4760-9F5E-97ABE37EBDB5}
	EndGlobalSection
EndGlobal
